<?xml version="1.0" encoding="utf-8"?>
<Project ToolsVersion="4.0" xmlns="http://schemas.microsoft.com/developer/msbuild/2003">
  <ItemGroup>
    <Filter Include="gameElements">
      <UniqueIdentifier>{7f6e0c07-58f4-4239-ba1e-221b7f18f0dc}</UniqueIdentifier>
    </Filter>
    <Filter Include="gameStates">
      <UniqueIdentifier>{9a2971d8-d84a-4940-8233-0dadc9c6f417}</UniqueIdentifier>
    </Filter>
    <Filter Include="general">
      <UniqueIdentifier>{d88c1a6a-35b9-41fc-90ae-c72857ea6331}</UniqueIdentifier>
    </Filter>
    <Filter Include="uiElements">
      <UniqueIdentifier>{9887154c-dcf7-489c-8892-b037c95c34e1}</UniqueIdentifier>
    </Filter>
  </ItemGroup>
  <ItemGroup>
    <ClCompile Include="..\src\gameElements\level.cpp">
      <Filter>gameElements</Filter>
    </ClCompile>
    <ClCompile Include="..\src\gameElements\player.cpp">
      <Filter>gameElements</Filter>
    </ClCompile>
    <ClCompile Include="..\src\gameStates\gameplay.cpp">
      <Filter>gameStates</Filter>
    </ClCompile>
    <ClCompile Include="..\src\gameStates\menu.cpp">
      <Filter>gameStates</Filter>
    </ClCompile>
    <ClCompile Include="..\src\main.cpp" />
    <ClCompile Include="..\src\general\game.cpp">
      <Filter>general</Filter>
    </ClCompile>
    <ClCompile Include="..\src\gameStates\victory.cpp">
      <Filter>gameStates</Filter>
    </ClCompile>
    <ClCompile Include="..\src\gameStates\credits.cpp">
      <Filter>gameStates</Filter>
    </ClCompile>
    <ClCompile Include="..\src\gameElements\melee_enemy.cpp">
      <Filter>gameElements</Filter>
    </ClCompile>
    <ClCompile Include="..\src\gameStates\game_over.cpp">
      <Filter>gameStates</Filter>
    </ClCompile>
    <ClCompile Include="..\src\uiElements\display_text.cpp">
      <Filter>uiElements</Filter>
    </ClCompile>
    <ClCompile Include="..\src\gameElements\enemy.cpp">
      <Filter>gameElements</Filter>
    </ClCompile>
    <ClCompile Include="..\src\gameElements\entity.cpp">
      <Filter>gameElements</Filter>
    </ClCompile>
  </ItemGroup>
  <ItemGroup>
    <ClInclude Include="..\src\gameElements\level.h">
      <Filter>gameElements</Filter>
    </ClInclude>
    <ClInclude Include="..\src\gameElements\player.h">
      <Filter>gameElements</Filter>
    </ClInclude>
    <ClInclude Include="..\src\gameStates\gameplay.h">
      <Filter>gameStates</Filter>
    </ClInclude>
    <ClInclude Include="..\src\gameStates\menu.h">
      <Filter>gameStates</Filter>
    </ClInclude>
    <ClInclude Include="..\src\general\game.h">
      <Filter>general</Filter>
    </ClInclude>
    <ClInclude Include="..\src\gameStates\victory.h">
      <Filter>gameStates</Filter>
    </ClInclude>
    <ClInclude Include="..\src\gameStates\credits.h">
      <Filter>gameStates</Filter>
    </ClInclude>
    <ClInclude Include="..\src\gameElements\melee_enemy.h">
      <Filter>gameElements</Filter>
    </ClInclude>
    <ClInclude Include="..\src\gameStates\game_over.h">
      <Filter>gameStates</Filter>
    </ClInclude>
    <ClInclude Include="..\src\uiElements\display_text.h">
      <Filter>uiElements</Filter>
    </ClInclude>
    <ClInclude Include="..\src\gameElements\enemy.h">
      <Filter>gameElements</Filter>
    </ClInclude>
    <ClInclude Include="..\src\gameElements\entity.h">
      <Filter>gameElements</Filter>
    </ClInclude>
  </ItemGroup>
</Project>