<?xml version="1.0" encoding="utf-8"?>
<Project ToolsVersion="4.0" xmlns="http://schemas.microsoft.com/developer/msbuild/2003">
  <ItemGroup>
    <Filter Include="gameElements">
      <UniqueIdentifier>{7f6e0c07-58f4-4239-ba1e-221b7f18f0dc}</UniqueIdentifier>
    </Filter>
    <Filter Include="gameStates">
      <UniqueIdentifier>{9a2971d8-d84a-4940-8233-0dadc9c6f417}</UniqueIdentifier>
    </Filter>
    <Filter Include="general">
      <UniqueIdentifier>{d88c1a6a-35b9-41fc-90ae-c72857ea6331}</UniqueIdentifier>
    </Filter>
    <Filter Include="gameElements\entities">
      <UniqueIdentifier>{b95c47a6-a504-4f52-a0be-54a245a304b8}</UniqueIdentifier>
    </Filter>
  </ItemGroup>
  <ItemGroup>
    <ClCompile Include="..\src\gameStates\gameplay.cpp">
      <Filter>gameStates</Filter>
    </ClCompile>
    <ClCompile Include="..\src\gameStates\menu.cpp">
      <Filter>gameStates</Filter>
    </ClCompile>
    <ClCompile Include="..\src\main.cpp" />
    <ClCompile Include="..\src\general\game.cpp">
      <Filter>general</Filter>
    </ClCompile>
    <ClCompile Include="..\src\gameStates\victory.cpp">
      <Filter>gameStates</Filter>
    </ClCompile>
    <ClCompile Include="..\src\gameStates\credits.cpp">
      <Filter>gameStates</Filter>
    </ClCompile>
    <ClCompile Include="..\src\gameStates\game_over.cpp">
      <Filter>gameStates</Filter>
    </ClCompile>
    <ClCompile Include="..\src\gameElements\entity.cpp">
      <Filter>gameElements</Filter>
    </ClCompile>
    <ClCompile Include="..\src\gameElements\entities\display_text.cpp">
      <Filter>gameElements\entities</Filter>
    </ClCompile>
    <ClCompile Include="..\src\gameElements\entities\enemy.cpp">
      <Filter>gameElements\entities</Filter>
    </ClCompile>
    <ClCompile Include="..\src\gameElements\entities\melee_enemy.cpp">
      <Filter>gameElements\entities</Filter>
    </ClCompile>
    <ClCompile Include="..\src\gameElements\entities\player.cpp">
      <Filter>gameElements\entities</Filter>
    </ClCompile>
    <ClCompile Include="..\src\gameElements\entities\character.cpp">
      <Filter>gameElements\entities</Filter>
    </ClCompile>
    <ClCompile Include="..\src\gameElements\entities\platform.cpp">
      <Filter>gameElements\entities</Filter>
    </ClCompile>
    <ClCompile Include="..\src\gameStates\screen.cpp">
      <Filter>gameStates</Filter>
    </ClCompile>
  </ItemGroup>
  <ItemGroup>
    <ClInclude Include="..\src\gameStates\gameplay.h">
      <Filter>gameStates</Filter>
    </ClInclude>
    <ClInclude Include="..\src\gameStates\menu.h">
      <Filter>gameStates</Filter>
    </ClInclude>
    <ClInclude Include="..\src\general\game.h">
      <Filter>general</Filter>
    </ClInclude>
    <ClInclude Include="..\src\gameStates\victory.h">
      <Filter>gameStates</Filter>
    </ClInclude>
    <ClInclude Include="..\src\gameStates\credits.h">
      <Filter>gameStates</Filter>
    </ClInclude>
    <ClInclude Include="..\src\gameStates\game_over.h">
      <Filter>gameStates</Filter>
    </ClInclude>
    <ClInclude Include="..\src\gameElements\entity.h">
      <Filter>gameElements</Filter>
    </ClInclude>
    <ClInclude Include="..\src\gameElements\entities\display_text.h">
      <Filter>gameElements\entities</Filter>
    </ClInclude>
    <ClInclude Include="..\src\gameElements\entities\enemy.h">
      <Filter>gameElements\entities</Filter>
    </ClInclude>
    <ClInclude Include="..\src\gameElements\entities\melee_enemy.h">
      <Filter>gameElements\entities</Filter>
    </ClInclude>
    <ClInclude Include="..\src\gameElements\entities\player.h">
      <Filter>gameElements\entities</Filter>
    </ClInclude>
    <ClInclude Include="..\src\gameElements\entities\character.h">
      <Filter>gameElements\entities</Filter>
    </ClInclude>
    <ClInclude Include="..\src\gameElements\entities\platform.h">
      <Filter>gameElements\entities</Filter>
    </ClInclude>
    <ClInclude Include="..\src\gameStates\screen.h">
      <Filter>gameStates</Filter>
    </ClInclude>
  </ItemGroup>
</Project>